
Microsoft Visual Studio Solution File, Format Version 12.00
# Visual Studio Version 17
VisualStudioVersion = 17.0.31903.59
MinimumVisualStudioVersion = 10.0.40219.1
Project("{2150E333-8FDC-42A3-9474-1A3956D46DE8}") = "src", "src", "{0A06E162-DC19-420F-A425-6F0AB35676A3}"
EndProject
Project("{2150E333-8FDC-42A3-9474-1A3956D46DE8}") = "Core", "Core", "{FB1CDECE-B909-4769-B1EC-F7AA3E56ABC6}"
EndProject
Project("{FAE04EC0-301F-11D3-BF4B-00C04F79EFBC}") = "BillingSystem.Domain", "src\Core\BillingSystem.Domain\BillingSystem.Domain.csproj", "{E1442AEB-A689-4530-AC3D-F63D74F87A63}"
EndProject
Project("{FAE04EC0-301F-11D3-BF4B-00C04F79EFBC}") = "BillingSystem.Application", "src\Core\BillingSystem.Application\BillingSystem.Application.csproj", "{3320C517-A0C4-426B-B063-96821CDD9E3D}"
EndProject
Project("{FAE04EC0-301F-11D3-BF4B-00C04F79EFBC}") = "BillingSystem.Shared", "src\Core\BillingSystem.Shared\BillingSystem.Shared.csproj", "{0AB37F0D-A1D9-4122-8BD0-B34389408BB3}"
EndProject
Project("{2150E333-8FDC-42A3-9474-1A3956D46DE8}") = "Infrastructure", "Infrastructure", "{3118F7B7-DE1A-40BD-B35A-5443E45CBF57}"
EndProject
Project("{FAE04EC0-301F-11D3-BF4B-00C04F79EFBC}") = "BillingSystem.Infrastructure", "src\Infrastructure\BillingSystem.Infrastructure\BillingSystem.Infrastructure.csproj", "{5530216C-D42B-4934-B128-7F3998970BD8}"
EndProject
Project("{FAE04EC0-301F-11D3-BF4B-00C04F79EFBC}") = "BillingSystem.Persistence", "src\Infrastructure\BillingSystem.Persistence\BillingSystem.Persistence.csproj", "{FB75BB7B-A627-4313-A25F-3F0CD4881891}"
EndProject
Project("{2150E333-8FDC-42A3-9474-1A3956D46DE8}") = "Presentation", "Presentation", "{60533DFB-B203-450B-B318-236DD6D984E6}"
EndProject
Project("{FAE04EC0-301F-11D3-BF4B-00C04F79EFBC}") = "BillingSystem.Api", "src\Presentation\BillingSystem.Api\BillingSystem.Api.csproj", "{058F94FF-44E0-498C-9BD3-1F47E59A3E4D}"
EndProject
Project("{FAE04EC0-301F-11D3-BF4B-00C04F79EFBC}") = "Playground", "Playground\Playground.csproj", "{0D21C5C6-C74D-4D17-934D-685F8ADDAD79}"
EndProject
Global
	GlobalSection(SolutionConfigurationPlatforms) = preSolution
		Debug|Any CPU = Debug|Any CPU
		Release|Any CPU = Release|Any CPU
	EndGlobalSection
	GlobalSection(SolutionProperties) = preSolution
		HideSolutionNode = FALSE
	EndGlobalSection
	GlobalSection(ProjectConfigurationPlatforms) = postSolution
		{E1442AEB-A689-4530-AC3D-F63D74F87A63}.Debug|Any CPU.ActiveCfg = Debug|Any CPU
		{E1442AEB-A689-4530-AC3D-F63D74F87A63}.Debug|Any CPU.Build.0 = Debug|Any CPU
		{E1442AEB-A689-4530-AC3D-F63D74F87A63}.Release|Any CPU.ActiveCfg = Release|Any CPU
		{E1442AEB-A689-4530-AC3D-F63D74F87A63}.Release|Any CPU.Build.0 = Release|Any CPU
		{3320C517-A0C4-426B-B063-96821CDD9E3D}.Debug|Any CPU.ActiveCfg = Debug|Any CPU
		{3320C517-A0C4-426B-B063-96821CDD9E3D}.Debug|Any CPU.Build.0 = Debug|Any CPU
		{3320C517-A0C4-426B-B063-96821CDD9E3D}.Release|Any CPU.ActiveCfg = Release|Any CPU
		{3320C517-A0C4-426B-B063-96821CDD9E3D}.Release|Any CPU.Build.0 = Release|Any CPU
		{0AB37F0D-A1D9-4122-8BD0-B34389408BB3}.Debug|Any CPU.ActiveCfg = Debug|Any CPU
		{0AB37F0D-A1D9-4122-8BD0-B34389408BB3}.Debug|Any CPU.Build.0 = Debug|Any CPU
		{0AB37F0D-A1D9-4122-8BD0-B34389408BB3}.Release|Any CPU.ActiveCfg = Release|Any CPU
		{0AB37F0D-A1D9-4122-8BD0-B34389408BB3}.Release|Any CPU.Build.0 = Release|Any CPU
		{5530216C-D42B-4934-B128-7F3998970BD8}.Debug|Any CPU.ActiveCfg = Debug|Any CPU
		{5530216C-D42B-4934-B128-7F3998970BD8}.Debug|Any CPU.Build.0 = Debug|Any CPU
		{5530216C-D42B-4934-B128-7F3998970BD8}.Release|Any CPU.ActiveCfg = Release|Any CPU
		{5530216C-D42B-4934-B128-7F3998970BD8}.Release|Any CPU.Build.0 = Release|Any CPU
		{FB75BB7B-A627-4313-A25F-3F0CD4881891}.Debug|Any CPU.ActiveCfg = Debug|Any CPU
		{FB75BB7B-A627-4313-A25F-3F0CD4881891}.Debug|Any CPU.Build.0 = Debug|Any CPU
		{FB75BB7B-A627-4313-A25F-3F0CD4881891}.Release|Any CPU.ActiveCfg = Release|Any CPU
		{FB75BB7B-A627-4313-A25F-3F0CD4881891}.Release|Any CPU.Build.0 = Release|Any CPU
		{058F94FF-44E0-498C-9BD3-1F47E59A3E4D}.Debug|Any CPU.ActiveCfg = Debug|Any CPU
		{058F94FF-44E0-498C-9BD3-1F47E59A3E4D}.Debug|Any CPU.Build.0 = Debug|Any CPU
		{058F94FF-44E0-498C-9BD3-1F47E59A3E4D}.Release|Any CPU.ActiveCfg = Release|Any CPU
		{058F94FF-44E0-498C-9BD3-1F47E59A3E4D}.Release|Any CPU.Build.0 = Release|Any CPU
		{0D21C5C6-C74D-4D17-934D-685F8ADDAD79}.Debug|Any CPU.ActiveCfg = Debug|Any CPU
		{0D21C5C6-C74D-4D17-934D-685F8ADDAD79}.Debug|Any CPU.Build.0 = Debug|Any CPU
		{0D21C5C6-C74D-4D17-934D-685F8ADDAD79}.Release|Any CPU.ActiveCfg = Release|Any CPU
		{0D21C5C6-C74D-4D17-934D-685F8ADDAD79}.Release|Any CPU.Build.0 = Release|Any CPU
	EndGlobalSection
	GlobalSection(NestedProjects) = preSolution
		{FB1CDECE-B909-4769-B1EC-F7AA3E56ABC6} = {0A06E162-DC19-420F-A425-6F0AB35676A3}
		{E1442AEB-A689-4530-AC3D-F63D74F87A63} = {FB1CDECE-B909-4769-B1EC-F7AA3E56ABC6}
		{3320C517-A0C4-426B-B063-96821CDD9E3D} = {FB1CDECE-B909-4769-B1EC-F7AA3E56ABC6}
		{0AB37F0D-A1D9-4122-8BD0-B34389408BB3} = {FB1CDECE-B909-4769-B1EC-F7AA3E56ABC6}
		{3118F7B7-DE1A-40BD-B35A-5443E45CBF57} = {0A06E162-DC19-420F-A425-6F0AB35676A3}
		{5530216C-D42B-4934-B128-7F3998970BD8} = {3118F7B7-DE1A-40BD-B35A-5443E45CBF57}
		{FB75BB7B-A627-4313-A25F-3F0CD4881891} = {3118F7B7-DE1A-40BD-B35A-5443E45CBF57}
		{60533DFB-B203-450B-B318-236DD6D984E6} = {0A06E162-DC19-420F-A425-6F0AB35676A3}
		{058F94FF-44E0-498C-9BD3-1F47E59A3E4D} = {60533DFB-B203-450B-B318-236DD6D984E6}
	EndGlobalSection
EndGlobal
